
Microsoft Visual Studio Solution File, Format Version 12.00
# Visual Studio Version 17
VisualStudioVersion = 17.14.37516.0 d17.14
MinimumVisualStudioVersion = 10.0.40219.1
Project("{FAE04EC0-301F-11D3-BF4B-00C04F79EFBC}") = "PawCare", "PawCare\PawCare.csproj", "{9E2CE535-B7C4-4785-97F7-51C803A7CADB}"
EndProject
Global
	GlobalSection(SolutionConfigurationPlatforms) = preSolution
		Debug|Any CPU = Debug|Any CPU
		Release|Any CPU = Release|Any CPU
	EndGlobalSection
	GlobalSection(ProjectConfigurationPlatforms) = postSolution
		{9E2CE535-B7C4-4785-97F7-51C803A7CADB}.Debug|Any CPU.ActiveCfg = Debug|Any CPU
		{9E2CE535-B7C4-4785-97F7-51C803A7CADB}.Debug|Any CPU.Build.0 = Debug|Any CPU
		{9E2CE535-B7C4-4785-97F7-51C803A7CADB}.Release|Any CPU.ActiveCfg = Release|Any CPU
		{9E2CE535-B7C4-4785-97F7-51C803A7CADB}.Release|Any CPU.Build.0 = Release|Any CPU
	EndGlobalSection
	GlobalSection(SolutionProperties) = preSolution
		HideSolutionNode = FALSE
	EndGlobalSection
	GlobalSection(ExtensibilityGlobals) = postSolution
		SolutionGuid = {8B352C88-54B0-4084-BA43-E5EFDAB8E4FF}
	EndGlobalSection
EndGlobal
